
Microsoft Visual Studio Solution File, Format Version 12.00
# Visual Studio 15
VisualStudioVersion = 15.0.28307.572
MinimumVisualStudioVersion = 10.0.40219.1
Project("{FAE04EC0-301F-11D3-BF4B-00C04F79EFBC}") = "AGL.SortPet.API", "AGL.SortCat.API\AGL.SortPet.API.csproj", "{5A458681-1A30-4126-855E-679EBF1CBD58}"
EndProject
Project("{FAE04EC0-301F-11D3-BF4B-00C04F79EFBC}") = "AGL.SortPet.API.Test", "AGL.SortCat.API.Test\AGL.SortPet.API.Test.csproj", "{B14B1631-BDFC-435B-B138-C3A920B0A561}"
EndProject
Project("{FAE04EC0-301F-11D3-BF4B-00C04F79EFBC}") = "AGL.SortPet.Service", "AGL.SortPet.Service\AGL.SortPet.Service.csproj", "{2D02B4C6-0AC2-4259-BAE7-35CF2DE1FEA3}"
EndProject
Project("{FAE04EC0-301F-11D3-BF4B-00C04F79EFBC}") = "AGL.SortPet.Repository", "AGL.SortPet.Repository\AGL.SortPet.Repository.csproj", "{8F52E2DF-7E74-4149-8E52-097EF1771DA7}"
EndProject
Project("{FAE04EC0-301F-11D3-BF4B-00C04F79EFBC}") = "AGL.SortPet.Utility", "AGL.SortPet.Utility\AGL.SortPet.Utility.csproj", "{987A847C-642D-41C9-834E-2AF80C51368B}"
EndProject
Project("{FAE04EC0-301F-11D3-BF4B-00C04F79EFBC}") = "AGL.SortPet.Models", "AGL.SortPet.Models\AGL.SortPet.Models.csproj", "{F78AA29A-F8E7-4549-A62B-E12D78135E23}"
EndProject
Global
	GlobalSection(SolutionConfigurationPlatforms) = preSolution
		Debug|Any CPU = Debug|Any CPU
		Release|Any CPU = Release|Any CPU
	EndGlobalSection
	GlobalSection(ProjectConfigurationPlatforms) = postSolution
		{5A458681-1A30-4126-855E-679EBF1CBD58}.Debug|Any CPU.ActiveCfg = Debug|Any CPU
		{5A458681-1A30-4126-855E-679EBF1CBD58}.Debug|Any CPU.Build.0 = Debug|Any CPU
		{5A458681-1A30-4126-855E-679EBF1CBD58}.Release|Any CPU.ActiveCfg = Release|Any CPU
		{5A458681-1A30-4126-855E-679EBF1CBD58}.Release|Any CPU.Build.0 = Release|Any CPU
		{B14B1631-BDFC-435B-B138-C3A920B0A561}.Debug|Any CPU.ActiveCfg = Debug|Any CPU
		{B14B1631-BDFC-435B-B138-C3A920B0A561}.Debug|Any CPU.Build.0 = Debug|Any CPU
		{B14B1631-BDFC-435B-B138-C3A920B0A561}.Release|Any CPU.ActiveCfg = Release|Any CPU
		{B14B1631-BDFC-435B-B138-C3A920B0A561}.Release|Any CPU.Build.0 = Release|Any CPU
		{2D02B4C6-0AC2-4259-BAE7-35CF2DE1FEA3}.Debug|Any CPU.ActiveCfg = Debug|Any CPU
		{2D02B4C6-0AC2-4259-BAE7-35CF2DE1FEA3}.Debug|Any CPU.Build.0 = Debug|Any CPU
		{2D02B4C6-0AC2-4259-BAE7-35CF2DE1FEA3}.Release|Any CPU.ActiveCfg = Release|Any CPU
		{2D02B4C6-0AC2-4259-BAE7-35CF2DE1FEA3}.Release|Any CPU.Build.0 = Release|Any CPU
		{8F52E2DF-7E74-4149-8E52-097EF1771DA7}.Debug|Any CPU.ActiveCfg = Debug|Any CPU
		{8F52E2DF-7E74-4149-8E52-097EF1771DA7}.Debug|Any CPU.Build.0 = Debug|Any CPU
		{8F52E2DF-7E74-4149-8E52-097EF1771DA7}.Release|Any CPU.ActiveCfg = Release|Any CPU
		{8F52E2DF-7E74-4149-8E52-097EF1771DA7}.Release|Any CPU.Build.0 = Release|Any CPU
		{987A847C-642D-41C9-834E-2AF80C51368B}.Debug|Any CPU.ActiveCfg = Debug|Any CPU
		{987A847C-642D-41C9-834E-2AF80C51368B}.Debug|Any CPU.Build.0 = Debug|Any CPU
		{987A847C-642D-41C9-834E-2AF80C51368B}.Release|Any CPU.ActiveCfg = Release|Any CPU
		{987A847C-642D-41C9-834E-2AF80C51368B}.Release|Any CPU.Build.0 = Release|Any CPU
		{F78AA29A-F8E7-4549-A62B-E12D78135E23}.Debug|Any CPU.ActiveCfg = Debug|Any CPU
		{F78AA29A-F8E7-4549-A62B-E12D78135E23}.Debug|Any CPU.Build.0 = Debug|Any CPU
		{F78AA29A-F8E7-4549-A62B-E12D78135E23}.Release|Any CPU.ActiveCfg = Release|Any CPU
		{F78AA29A-F8E7-4549-A62B-E12D78135E23}.Release|Any CPU.Build.0 = Release|Any CPU
	EndGlobalSection
	GlobalSection(SolutionProperties) = preSolution
		HideSolutionNode = FALSE
	EndGlobalSection
	GlobalSection(ExtensibilityGlobals) = postSolution
		SolutionGuid = {9F82E64A-C8F6-4BCD-A83C-706142CEBF00}
	EndGlobalSection
EndGlobal
